
Microsoft Visual Studio Solution File, Format Version 12.00
# Visual Studio 15
VisualStudioVersion = 15.0.28307.705
MinimumVisualStudioVersion = 10.0.40219.1
Project("{9A19103F-16F7-4668-BE54-9A1E7A4F7556}") = "DotNetCoreApp", "DotNetCoreApp\DotNetCoreApp.csproj", "{B9DD15AA-48D3-417D-ADB4-0E33035D8D01}"
EndProject
Project("{FAE04EC0-301F-11D3-BF4B-00C04F79EFBC}") = "DeployWindowsServiceViaMSBuild", "DeployWindowsServiceViaMSBuild\DeployWindowsServiceViaMSBuild.csproj", "{D2D190B7-6139-42BE-AC1C-3C133FE8CA15}"
EndProject
Global
	GlobalSection(SolutionConfigurationPlatforms) = preSolution
		Debug|Any CPU = Debug|Any CPU
		Release|Any CPU = Release|Any CPU
	EndGlobalSection
	GlobalSection(ProjectConfigurationPlatforms) = postSolution
		{B9DD15AA-48D3-417D-ADB4-0E33035D8D01}.Debug|Any CPU.ActiveCfg = Debug|Any CPU
		{B9DD15AA-48D3-417D-ADB4-0E33035D8D01}.Debug|Any CPU.Build.0 = Debug|Any CPU
		{B9DD15AA-48D3-417D-ADB4-0E33035D8D01}.Release|Any CPU.ActiveCfg = Release|Any CPU
		{B9DD15AA-48D3-417D-ADB4-0E33035D8D01}.Release|Any CPU.Build.0 = Release|Any CPU
		{D2D190B7-6139-42BE-AC1C-3C133FE8CA15}.Debug|Any CPU.ActiveCfg = Debug|Any CPU
		{D2D190B7-6139-42BE-AC1C-3C133FE8CA15}.Debug|Any CPU.Build.0 = Debug|Any CPU
		{D2D190B7-6139-42BE-AC1C-3C133FE8CA15}.Release|Any CPU.ActiveCfg = Release|Any CPU
		{D2D190B7-6139-42BE-AC1C-3C133FE8CA15}.Release|Any CPU.Build.0 = Release|Any CPU
	EndGlobalSection
	GlobalSection(SolutionProperties) = preSolution
		HideSolutionNode = FALSE
	EndGlobalSection
	GlobalSection(ExtensibilityGlobals) = postSolution
		SolutionGuid = {1A530CEC-35FC-4E32-9DA5-E6BB5826438B}
	EndGlobalSection
EndGlobal
